
Microsoft Visual Studio Solution File, Format Version 12.00
# Visual Studio Version 17
VisualStudioVersion = 17.14.36616.10 d17.14
MinimumVisualStudioVersion = 10.0.40219.1
Project("{FAE04EC0-301F-11D3-BF4B-00C04F79EFBC}") = "Medvedeva_PrivateAdertisementService", "Medvedeva_PrivateAdertisementService.csproj", "{12342BE2-F39E-4FF0-B621-25367DD4AE64}"
EndProject
Global
	GlobalSection(SolutionConfigurationPlatforms) = preSolution
		Debug|Any CPU = Debug|Any CPU
		Release|Any CPU = Release|Any CPU
	EndGlobalSection
	GlobalSection(ProjectConfigurationPlatforms) = postSolution
		{12342BE2-F39E-4FF0-B621-25367DD4AE64}.Debug|Any CPU.ActiveCfg = Debug|Any CPU
		{12342BE2-F39E-4FF0-B621-25367DD4AE64}.Debug|Any CPU.Build.0 = Debug|Any CPU
		{12342BE2-F39E-4FF0-B621-25367DD4AE64}.Release|Any CPU.ActiveCfg = Release|Any CPU
		{12342BE2-F39E-4FF0-B621-25367DD4AE64}.Release|Any CPU.Build.0 = Release|Any CPU
	EndGlobalSection
	GlobalSection(SolutionProperties) = preSolution
		HideSolutionNode = FALSE
	EndGlobalSection
	GlobalSection(ExtensibilityGlobals) = postSolution
		SolutionGuid = {D29D30AA-84C5-45F7-B3EB-89284D736F7B}
	EndGlobalSection
EndGlobal
